
Microsoft Visual Studio Solution File, Format Version 12.00
# Visual Studio 15
VisualStudioVersion = 15.0.27703.2035
MinimumVisualStudioVersion = 10.0.40219.1
Project("{FAE04EC0-301F-11D3-BF4B-00C04F79EFBC}") = "WebApplication", "WebApplication\WebApplication.csproj", "{47C15894-0BCF-483C-AF26-58963FD3365E}"
EndProject
Global
	GlobalSection(SolutionConfigurationPlatforms) = preSolution
		Debug|Any CPU = Debug|Any CPU
		Release|Any CPU = Release|Any CPU
	EndGlobalSection
	GlobalSection(ProjectConfigurationPlatforms) = postSolution
		{47C15894-0BCF-483C-AF26-58963FD3365E}.Debug|Any CPU.ActiveCfg = Debug|Any CPU
		{47C15894-0BCF-483C-AF26-58963FD3365E}.Debug|Any CPU.Build.0 = Debug|Any CPU
		{47C15894-0BCF-483C-AF26-58963FD3365E}.Release|Any CPU.ActiveCfg = Release|Any CPU
		{47C15894-0BCF-483C-AF26-58963FD3365E}.Release|Any CPU.Build.0 = Release|Any CPU
	EndGlobalSection
	GlobalSection(SolutionProperties) = preSolution
		HideSolutionNode = FALSE
	EndGlobalSection
	GlobalSection(ExtensibilityGlobals) = postSolution
		SolutionGuid = {E7782BCE-CADA-489D-A708-580D385207E1}
	EndGlobalSection
EndGlobal
